
Microsoft Visual Studio Solution File, Format Version 12.00
# Visual Studio Version 17
VisualStudioVersion = 17.5.002.0
MinimumVisualStudioVersion = 10.0.40219.1
Project("{9A19103F-16F7-4668-BE54-9A1E7A4F7556}") = "fcamp", "fcamp.csproj", "{7A5F78D6-EF4F-4D91-B02B-40FDB2F47420}"
EndProject
Global
	GlobalSection(SolutionConfigurationPlatforms) = preSolution
		Debug|Any CPU = Debug|Any CPU
		Release|Any CPU = Release|Any CPU
	EndGlobalSection
	GlobalSection(ProjectConfigurationPlatforms) = postSolution
		{7A5F78D6-EF4F-4D91-B02B-40FDB2F47420}.Debug|Any CPU.ActiveCfg = Debug|Any CPU
		{7A5F78D6-EF4F-4D91-B02B-40FDB2F47420}.Debug|Any CPU.Build.0 = Debug|Any CPU
		{7A5F78D6-EF4F-4D91-B02B-40FDB2F47420}.Release|Any CPU.ActiveCfg = Release|Any CPU
		{7A5F78D6-EF4F-4D91-B02B-40FDB2F47420}.Release|Any CPU.Build.0 = Release|Any CPU
	EndGlobalSection
	GlobalSection(SolutionProperties) = preSolution
		HideSolutionNode = FALSE
	EndGlobalSection
	GlobalSection(ExtensibilityGlobals) = postSolution
		SolutionGuid = {2D8B6AE3-816E-4179-8B6A-E286A1816983}
	EndGlobalSection
EndGlobal
